
Microsoft Visual Studio Solution File, Format Version 12.00
# Visual Studio Version 17
VisualStudioVersion = 17.5.002.0
MinimumVisualStudioVersion = 10.0.40219.1
Project("{2150E333-8FDC-42A3-9474-1A3956D46DE8}") = "Courses", "Courses", "{ED56CBDD-267B-4720-9D3A-4AC5B8061CC5}"
EndProject
Project("{2150E333-8FDC-42A3-9474-1A3956D46DE8}") = "Introduction", "Introduction", "{ECAC1453-2EA2-42C0-85E5-532321BA3F2D}"
EndProject
Project("{9A19103F-16F7-4668-BE54-9A1E7A4F7556}") = "FirstProject", "Courses\Introduction\FirstProject\FirstProject.csproj", "{03291FF5-96F0-49E8-8408-AA61F405356E}"
EndProject
Global
	GlobalSection(SolutionConfigurationPlatforms) = preSolution
		Debug|Any CPU = Debug|Any CPU
		Release|Any CPU = Release|Any CPU
	EndGlobalSection
	GlobalSection(ProjectConfigurationPlatforms) = postSolution
		{03291FF5-96F0-49E8-8408-AA61F405356E}.Debug|Any CPU.ActiveCfg = Debug|Any CPU
		{03291FF5-96F0-49E8-8408-AA61F405356E}.Debug|Any CPU.Build.0 = Debug|Any CPU
		{03291FF5-96F0-49E8-8408-AA61F405356E}.Release|Any CPU.ActiveCfg = Release|Any CPU
		{03291FF5-96F0-49E8-8408-AA61F405356E}.Release|Any CPU.Build.0 = Release|Any CPU
	EndGlobalSection
	GlobalSection(SolutionProperties) = preSolution
		HideSolutionNode = FALSE
	EndGlobalSection
	GlobalSection(NestedProjects) = preSolution
		{ECAC1453-2EA2-42C0-85E5-532321BA3F2D} = {ED56CBDD-267B-4720-9D3A-4AC5B8061CC5}
		{03291FF5-96F0-49E8-8408-AA61F405356E} = {ECAC1453-2EA2-42C0-85E5-532321BA3F2D}
	EndGlobalSection
	GlobalSection(ExtensibilityGlobals) = postSolution
		SolutionGuid = {26627B1F-9DE2-4883-903F-C503009EF52D}
	EndGlobalSection
EndGlobal
