
Microsoft Visual Studio Solution File, Format Version 12.00
# Visual Studio Version 17
VisualStudioVersion = 17.5.002.0
MinimumVisualStudioVersion = 10.0.40219.1
Project("{9A19103F-16F7-4668-BE54-9A1E7A4F7556}") = "Loops", "Loops\Loops.csproj", "{33D620D3-183F-40C0-857B-26602B7C6E15}"
EndProject
Global
	GlobalSection(SolutionConfigurationPlatforms) = preSolution
		Debug|Any CPU = Debug|Any CPU
		Release|Any CPU = Release|Any CPU
	EndGlobalSection
	GlobalSection(ProjectConfigurationPlatforms) = postSolution
		{33D620D3-183F-40C0-857B-26602B7C6E15}.Debug|Any CPU.ActiveCfg = Debug|Any CPU
		{33D620D3-183F-40C0-857B-26602B7C6E15}.Debug|Any CPU.Build.0 = Debug|Any CPU
		{33D620D3-183F-40C0-857B-26602B7C6E15}.Release|Any CPU.ActiveCfg = Release|Any CPU
		{33D620D3-183F-40C0-857B-26602B7C6E15}.Release|Any CPU.Build.0 = Release|Any CPU
	EndGlobalSection
	GlobalSection(SolutionProperties) = preSolution
		HideSolutionNode = FALSE
	EndGlobalSection
	GlobalSection(ExtensibilityGlobals) = postSolution
		SolutionGuid = {33155368-0852-478F-8522-496A260C771E}
	EndGlobalSection
EndGlobal
